{
	"name": "@gun-vue/gun-es",
	"version": "0.2.1240",
	"lockfileVersion": 3,
	"requires": true,
	"packages": {
		"": {
			"name": "@gun-vue/gun-es",
			"version": "0.2.1240",
			"license": "MIT",
			"dependencies": {
				"gun": "0.2020.1240"
			},
			"devDependencies": {
				"vite": "6.0.11"
			},
			"funding": {
				"type": "github",
				"url": "https://github.com/sponsors/davay42"
			}
		},
		"node_modules/@esbuild/darwin-arm64": {
			"version": "0.24.2",
			"resolved": "https://registry.npmjs.org/@esbuild/darwin-arm64/-/darwin-arm64-0.24.2.tgz",
			"integrity": "sha512-kj3AnYWc+CekmZnS5IPu9D+HWtUI49hbnyqk0FLEJDbzCIQt7hg7ucF1SQAilhtYpIujfaHr6O0UHlzzSPdOeA==",
			"cpu": [
				"arm64"
			],
			"dev": true,
			"license": "MIT",
			"optional": true,
			"os": [
				"darwin"
			],
			"engines": {
				"node": ">=18"
			}
		},
		"node_modules/@peculiar/asn1-schema": {
			"version": "2.3.6",
			"resolved": "https://registry.npmjs.org/@peculiar/asn1-schema/-/asn1-schema-2.3.6.tgz",
			"integrity": "sha512-izNRxPoaeJeg/AyH8hER6s+H7p4itk+03QCa4sbxI3lNdseQYCuxzgsuNK8bTXChtLTjpJz6NmXKA73qLa3rCA==",
			"optional": true,
			"dependencies": {
				"asn1js": "^3.0.5",
				"pvtsutils": "^1.3.2",
				"tslib": "^2.4.0"
			}
		},
		"node_modules/@peculiar/json-schema": {
			"version": "1.1.12",
			"resolved": "https://registry.npmjs.org/@peculiar/json-schema/-/json-schema-1.1.12.tgz",
			"integrity": "sha512-coUfuoMeIB7B8/NMekxaDzLhaYmp0HZNPEjYRm9goRou8UZIC3z21s0sL9AWoCw4EG876QyO3kYrc61WNF9B/w==",
			"optional": true,
			"dependencies": {
				"tslib": "^2.0.0"
			},
			"engines": {
				"node": ">=8.0.0"
			}
		},
		"node_modules/@peculiar/webcrypto": {
			"version": "1.4.3",
			"resolved": "https://registry.npmjs.org/@peculiar/webcrypto/-/webcrypto-1.4.3.tgz",
			"integrity": "sha512-VtaY4spKTdN5LjJ04im/d/joXuvLbQdgy5Z4DXF4MFZhQ+MTrejbNMkfZBp1Bs3O5+bFqnJgyGdPuZQflvIa5A==",
			"optional": true,
			"dependencies": {
				"@peculiar/asn1-schema": "^2.3.6",
				"@peculiar/json-schema": "^1.1.12",
				"pvtsutils": "^1.3.2",
				"tslib": "^2.5.0",
				"webcrypto-core": "^1.7.7"
			},
			"engines": {
				"node": ">=10.12.0"
			}
		},
		"node_modules/@rollup/rollup-darwin-arm64": {
			"version": "4.28.1",
			"resolved": "https://registry.npmjs.org/@rollup/rollup-darwin-arm64/-/rollup-darwin-arm64-4.28.1.tgz",
			"integrity": "sha512-prduvrMKU6NzMq6nxzQw445zXgaDBbMQvmKSJaxpaZ5R1QDM8w+eGxo6Y/jhT/cLoCvnZI42oEqf9KQNYz1fqQ==",
			"cpu": [
				"arm64"
			],
			"dev": true,
			"license": "MIT",
			"optional": true,
			"os": [
				"darwin"
			]
		},
		"node_modules/@types/estree": {
			"version": "1.0.6",
			"resolved": "https://registry.npmjs.org/@types/estree/-/estree-1.0.6.tgz",
			"integrity": "sha512-AYnb1nQyY49te+VRAVgmzfcgjYS91mY5P0TKUDCLEM+gNnA+3T6rWITXRLYCpahpqSQbN5cE+gHpnPyXjHWxcw==",
			"dev": true,
			"license": "MIT"
		},
		"node_modules/asn1js": {
			"version": "3.0.5",
			"resolved": "https://registry.npmjs.org/asn1js/-/asn1js-3.0.5.tgz",
			"integrity": "sha512-FVnvrKJwpt9LP2lAMl8qZswRNm3T4q9CON+bxldk2iwk3FFpuwhx2FfinyitizWHsVYyaY+y5JzDR0rCMV5yTQ==",
			"optional": true,
			"dependencies": {
				"pvtsutils": "^1.3.2",
				"pvutils": "^1.1.3",
				"tslib": "^2.4.0"
			},
			"engines": {
				"node": ">=12.0.0"
			}
		},
		"node_modules/esbuild": {
			"version": "0.24.2",
			"resolved": "https://registry.npmjs.org/esbuild/-/esbuild-0.24.2.tgz",
			"integrity": "sha512-+9egpBW8I3CD5XPe0n6BfT5fxLzxrlDzqydF3aviG+9ni1lDC/OvMHcxqEFV0+LANZG5R1bFMWfUrjVsdwxJvA==",
			"dev": true,
			"hasInstallScript": true,
			"license": "MIT",
			"bin": {
				"esbuild": "bin/esbuild"
			},
			"engines": {
				"node": ">=18"
			},
			"optionalDependencies": {
				"@esbuild/aix-ppc64": "0.24.2",
				"@esbuild/android-arm": "0.24.2",
				"@esbuild/android-arm64": "0.24.2",
				"@esbuild/android-x64": "0.24.2",
				"@esbuild/darwin-arm64": "0.24.2",
				"@esbuild/darwin-x64": "0.24.2",
				"@esbuild/freebsd-arm64": "0.24.2",
				"@esbuild/freebsd-x64": "0.24.2",
				"@esbuild/linux-arm": "0.24.2",
				"@esbuild/linux-arm64": "0.24.2",
				"@esbuild/linux-ia32": "0.24.2",
				"@esbuild/linux-loong64": "0.24.2",
				"@esbuild/linux-mips64el": "0.24.2",
				"@esbuild/linux-ppc64": "0.24.2",
				"@esbuild/linux-riscv64": "0.24.2",
				"@esbuild/linux-s390x": "0.24.2",
				"@esbuild/linux-x64": "0.24.2",
				"@esbuild/netbsd-arm64": "0.24.2",
				"@esbuild/netbsd-x64": "0.24.2",
				"@esbuild/openbsd-arm64": "0.24.2",
				"@esbuild/openbsd-x64": "0.24.2",
				"@esbuild/sunos-x64": "0.24.2",
				"@esbuild/win32-arm64": "0.24.2",
				"@esbuild/win32-ia32": "0.24.2",
				"@esbuild/win32-x64": "0.24.2"
			}
		},
		"node_modules/fsevents": {
			"version": "2.3.3",
			"resolved": "https://registry.npmjs.org/fsevents/-/fsevents-2.3.3.tgz",
			"integrity": "sha512-5xoDfX+fL7faATnagmWPpbFtwh/R77WmMMqqHGS65C3vvB0YHrgF+B1YmZ3441tMj5n63k0212XNoJwzlhffQw==",
			"dev": true,
			"hasInstallScript": true,
			"license": "MIT",
			"optional": true,
			"os": [
				"darwin"
			],
			"engines": {
				"node": "^8.16.0 || ^10.6.0 || >=11.0.0"
			}
		},
		"node_modules/gun": {
			"version": "0.2020.1240",
			"resolved": "https://registry.npmjs.org/gun/-/gun-0.2020.1240.tgz",
			"integrity": "sha512-uhnyadZTywn0HHgBjS2DePqpcdwLeVm6nFeSZZBPJRltm9O8MjFPyltaxk2PBKS+O8wSZac9qlbCIriJDgQQog==",
			"license": "(Zlib OR MIT OR Apache-2.0)",
			"dependencies": {
				"ws": "^7.2.1"
			},
			"engines": {
				"node": ">=0.8.4"
			},
			"optionalDependencies": {
				"@peculiar/webcrypto": "^1.1.1"
			}
		},
		"node_modules/nanoid": {
			"version": "3.3.8",
			"resolved": "https://registry.npmjs.org/nanoid/-/nanoid-3.3.8.tgz",
			"integrity": "sha512-WNLf5Sd8oZxOm+TzppcYk8gVOgP+l58xNy58D0nbUnOxOWRWvlcCV4kUF7ltmI6PsrLl/BgKEyS4mqsGChFN0w==",
			"dev": true,
			"funding": [
				{
					"type": "github",
					"url": "https://github.com/sponsors/ai"
				}
			],
			"license": "MIT",
			"bin": {
				"nanoid": "bin/nanoid.cjs"
			},
			"engines": {
				"node": "^10 || ^12 || ^13.7 || ^14 || >=15.0.1"
			}
		},
		"node_modules/picocolors": {
			"version": "1.1.1",
			"resolved": "https://registry.npmjs.org/picocolors/-/picocolors-1.1.1.tgz",
			"integrity": "sha512-xceH2snhtb5M9liqDsmEw56le376mTZkEX/jEb/RxNFyegNul7eNslCXP9FDj/Lcu0X8KEyMceP2ntpaHrDEVA==",
			"dev": true,
			"license": "ISC"
		},
		"node_modules/postcss": {
			"version": "8.4.49",
			"resolved": "https://registry.npmjs.org/postcss/-/postcss-8.4.49.tgz",
			"integrity": "sha512-OCVPnIObs4N29kxTjzLfUryOkvZEq+pf8jTF0lg8E7uETuWHA+v7j3c/xJmiqpX450191LlmZfUKkXxkTry7nA==",
			"dev": true,
			"funding": [
				{
					"type": "opencollective",
					"url": "https://opencollective.com/postcss/"
				},
				{
					"type": "tidelift",
					"url": "https://tidelift.com/funding/github/npm/postcss"
				},
				{
					"type": "github",
					"url": "https://github.com/sponsors/ai"
				}
			],
			"license": "MIT",
			"dependencies": {
				"nanoid": "^3.3.7",
				"picocolors": "^1.1.1",
				"source-map-js": "^1.2.1"
			},
			"engines": {
				"node": "^10 || ^12 || >=14"
			}
		},
		"node_modules/pvtsutils": {
			"version": "1.3.2",
			"resolved": "https://registry.npmjs.org/pvtsutils/-/pvtsutils-1.3.2.tgz",
			"integrity": "sha512-+Ipe2iNUyrZz+8K/2IOo+kKikdtfhRKzNpQbruF2URmqPtoqAs8g3xS7TJvFF2GcPXjh7DkqMnpVveRFq4PgEQ==",
			"optional": true,
			"dependencies": {
				"tslib": "^2.4.0"
			}
		},
		"node_modules/pvutils": {
			"version": "1.1.3",
			"resolved": "https://registry.npmjs.org/pvutils/-/pvutils-1.1.3.tgz",
			"integrity": "sha512-pMpnA0qRdFp32b1sJl1wOJNxZLQ2cbQx+k6tjNtZ8CpvVhNqEPRgivZ2WOUev2YMajecdH7ctUPDvEe87nariQ==",
			"optional": true,
			"engines": {
				"node": ">=6.0.0"
			}
		},
		"node_modules/rollup": {
			"version": "4.28.1",
			"resolved": "https://registry.npmjs.org/rollup/-/rollup-4.28.1.tgz",
			"integrity": "sha512-61fXYl/qNVinKmGSTHAZ6Yy8I3YIJC/r2m9feHo6SwVAVcLT5MPwOUFe7EuURA/4m0NR8lXG4BBXuo/IZEsjMg==",
			"dev": true,
			"license": "MIT",
			"dependencies": {
				"@types/estree": "1.0.6"
			},
			"bin": {
				"rollup": "dist/bin/rollup"
			},
			"engines": {
				"node": ">=18.0.0",
				"npm": ">=8.0.0"
			},
			"optionalDependencies": {
				"@rollup/rollup-android-arm-eabi": "4.28.1",
				"@rollup/rollup-android-arm64": "4.28.1",
				"@rollup/rollup-darwin-arm64": "4.28.1",
				"@rollup/rollup-darwin-x64": "4.28.1",
				"@rollup/rollup-freebsd-arm64": "4.28.1",
				"@rollup/rollup-freebsd-x64": "4.28.1",
				"@rollup/rollup-linux-arm-gnueabihf": "4.28.1",
				"@rollup/rollup-linux-arm-musleabihf": "4.28.1",
				"@rollup/rollup-linux-arm64-gnu": "4.28.1",
				"@rollup/rollup-linux-arm64-musl": "4.28.1",
				"@rollup/rollup-linux-loongarch64-gnu": "4.28.1",
				"@rollup/rollup-linux-powerpc64le-gnu": "4.28.1",
				"@rollup/rollup-linux-riscv64-gnu": "4.28.1",
				"@rollup/rollup-linux-s390x-gnu": "4.28.1",
				"@rollup/rollup-linux-x64-gnu": "4.28.1",
				"@rollup/rollup-linux-x64-musl": "4.28.1",
				"@rollup/rollup-win32-arm64-msvc": "4.28.1",
				"@rollup/rollup-win32-ia32-msvc": "4.28.1",
				"@rollup/rollup-win32-x64-msvc": "4.28.1",
				"fsevents": "~2.3.2"
			}
		},
		"node_modules/source-map-js": {
			"version": "1.2.1",
			"resolved": "https://registry.npmjs.org/source-map-js/-/source-map-js-1.2.1.tgz",
			"integrity": "sha512-UXWMKhLOwVKb728IUtQPXxfYU+usdybtUrK/8uGE8CQMvrhOpwvzDBwj0QhSL7MQc7vIsISBG8VQ8+IDQxpfQA==",
			"dev": true,
			"license": "BSD-3-Clause",
			"engines": {
				"node": ">=0.10.0"
			}
		},
		"node_modules/tslib": {
			"version": "2.5.0",
			"resolved": "https://registry.npmjs.org/tslib/-/tslib-2.5.0.tgz",
			"integrity": "sha512-336iVw3rtn2BUK7ORdIAHTyxHGRIHVReokCR3XjbckJMK7ms8FysBfhLR8IXnAgy7T0PTPNBWKiH514FOW/WSg==",
			"optional": true
		},
		"node_modules/vite": {
			"version": "6.0.11",
			"resolved": "https://registry.npmjs.org/vite/-/vite-6.0.11.tgz",
			"integrity": "sha512-4VL9mQPKoHy4+FE0NnRE/kbY51TOfaknxAjt3fJbGJxhIpBZiqVzlZDEesWWsuREXHwNdAoOFZ9MkPEVXczHwg==",
			"dev": true,
			"license": "MIT",
			"dependencies": {
				"esbuild": "^0.24.2",
				"postcss": "^8.4.49",
				"rollup": "^4.23.0"
			},
			"bin": {
				"vite": "bin/vite.js"
			},
			"engines": {
				"node": "^18.0.0 || ^20.0.0 || >=22.0.0"
			},
			"funding": {
				"url": "https://github.com/vitejs/vite?sponsor=1"
			},
			"optionalDependencies": {
				"fsevents": "~2.3.3"
			},
			"peerDependencies": {
				"@types/node": "^18.0.0 || ^20.0.0 || >=22.0.0",
				"jiti": ">=1.21.0",
				"less": "*",
				"lightningcss": "^1.21.0",
				"sass": "*",
				"sass-embedded": "*",
				"stylus": "*",
				"sugarss": "*",
				"terser": "^5.16.0",
				"tsx": "^4.8.1",
				"yaml": "^2.4.2"
			},
			"peerDependenciesMeta": {
				"@types/node": {
					"optional": true
				},
				"jiti": {
					"optional": true
				},
				"less": {
					"optional": true
				},
				"lightningcss": {
					"optional": true
				},
				"sass": {
					"optional": true
				},
				"sass-embedded": {
					"optional": true
				},
				"stylus": {
					"optional": true
				},
				"sugarss": {
					"optional": true
				},
				"terser": {
					"optional": true
				},
				"tsx": {
					"optional": true
				},
				"yaml": {
					"optional": true
				}
			}
		},
		"node_modules/webcrypto-core": {
			"version": "1.7.7",
			"resolved": "https://registry.npmjs.org/webcrypto-core/-/webcrypto-core-1.7.7.tgz",
			"integrity": "sha512-7FjigXNsBfopEj+5DV2nhNpfic2vumtjjgPmeDKk45z+MJwXKKfhPB7118Pfzrmh4jqOMST6Ch37iPAHoImg5g==",
			"optional": true,
			"dependencies": {
				"@peculiar/asn1-schema": "^2.3.6",
				"@peculiar/json-schema": "^1.1.12",
				"asn1js": "^3.0.1",
				"pvtsutils": "^1.3.2",
				"tslib": "^2.4.0"
			}
		},
		"node_modules/ws": {
			"version": "7.5.9",
			"resolved": "https://registry.npmjs.org/ws/-/ws-7.5.9.tgz",
			"integrity": "sha512-F+P9Jil7UiSKSkppIiD94dN07AwvFixvLIj1Og1Rl9GGMuNipJnV9JzjD6XuqmAeiswGvUmNLjr5cFuXwNS77Q==",
			"engines": {
				"node": ">=8.3.0"
			},
			"peerDependencies": {
				"bufferutil": "^4.0.1",
				"utf-8-validate": "^5.0.2"
			},
			"peerDependenciesMeta": {
				"bufferutil": {
					"optional": true
				},
				"utf-8-validate": {
					"optional": true
				}
			}
		}
	}
}
